
Microsoft Visual Studio Solution File, Format Version 12.00
# Visual Studio Version 17
VisualStudioVersion = 17.9.34723.18
MinimumVisualStudioVersion = 10.0.40219.1
Project("{FAE04EC0-301F-11D3-BF4B-00C04F79EFBC}") = "ConsoleApp1", "ConsoleApp1\ConsoleApp1.csproj", "{C9F08B13-1CD3-4EE1-942A-477DD0015E9D}"
EndProject
Global
	GlobalSection(SolutionConfigurationPlatforms) = preSolution
		Debug|Any CPU = Debug|Any CPU
		Release|Any CPU = Release|Any CPU
	EndGlobalSection
	GlobalSection(ProjectConfigurationPlatforms) = postSolution
		{C9F08B13-1CD3-4EE1-942A-477DD0015E9D}.Debug|Any CPU.ActiveCfg = Debug|Any CPU
		{C9F08B13-1CD3-4EE1-942A-477DD0015E9D}.Debug|Any CPU.Build.0 = Debug|Any CPU
		{C9F08B13-1CD3-4EE1-942A-477DD0015E9D}.Release|Any CPU.ActiveCfg = Release|Any CPU
		{C9F08B13-1CD3-4EE1-942A-477DD0015E9D}.Release|Any CPU.Build.0 = Release|Any CPU
	EndGlobalSection
	GlobalSection(SolutionProperties) = preSolution
		HideSolutionNode = FALSE
	EndGlobalSection
	GlobalSection(ExtensibilityGlobals) = postSolution
		SolutionGuid = {2CA0E8AC-FAD4-4F2D-BB07-942981377CE5}
	EndGlobalSection
EndGlobal
